
Microsoft Visual Studio Solution File, Format Version 12.00
# Visual Studio Version 16
VisualStudioVersion = 16.0.29324.140
MinimumVisualStudioVersion = 10.0.40219.1
Project("{9A19103F-16F7-4668-BE54-9A1E7A4F7556}") = "MoqInjector", "MoqInjector\MoqInjector.csproj", "{C0572895-E184-40D8-94FB-944667F41A90}"
EndProject
Project("{9A19103F-16F7-4668-BE54-9A1E7A4F7556}") = "MoqInjectorTests", "MoqInjectorTests\MoqInjectorTests.csproj", "{1CE1D8CC-C7F8-4F19-B5F8-08AA8728C34F}"
EndProject
Global
	GlobalSection(SolutionConfigurationPlatforms) = preSolution
		Debug|Any CPU = Debug|Any CPU
		Release|Any CPU = Release|Any CPU
	EndGlobalSection
	GlobalSection(ProjectConfigurationPlatforms) = postSolution
		{C0572895-E184-40D8-94FB-944667F41A90}.Debug|Any CPU.ActiveCfg = Debug|Any CPU
		{C0572895-E184-40D8-94FB-944667F41A90}.Debug|Any CPU.Build.0 = Debug|Any CPU
		{C0572895-E184-40D8-94FB-944667F41A90}.Release|Any CPU.ActiveCfg = Release|Any CPU
		{C0572895-E184-40D8-94FB-944667F41A90}.Release|Any CPU.Build.0 = Release|Any CPU
		{1CE1D8CC-C7F8-4F19-B5F8-08AA8728C34F}.Debug|Any CPU.ActiveCfg = Debug|Any CPU
		{1CE1D8CC-C7F8-4F19-B5F8-08AA8728C34F}.Debug|Any CPU.Build.0 = Debug|Any CPU
		{1CE1D8CC-C7F8-4F19-B5F8-08AA8728C34F}.Release|Any CPU.ActiveCfg = Release|Any CPU
		{1CE1D8CC-C7F8-4F19-B5F8-08AA8728C34F}.Release|Any CPU.Build.0 = Release|Any CPU
	EndGlobalSection
	GlobalSection(SolutionProperties) = preSolution
		HideSolutionNode = FALSE
	EndGlobalSection
	GlobalSection(ExtensibilityGlobals) = postSolution
		SolutionGuid = {F853B152-85CD-4B00-B1E1-1E86B087B68C}
	EndGlobalSection
EndGlobal
